
Microsoft Visual Studio Solution File, Format Version 12.00
# Visual Studio 15
VisualStudioVersion = 15.0.28307.421
MinimumVisualStudioVersion = 10.0.40219.1
Project("{FAE04EC0-301F-11D3-BF4B-00C04F79EFBC}") = "FavoriteThings", "FavoriteThings\FavoriteThings.csproj", "{8CBA5F26-6EC1-4473-92F0-A8A3D259C9BE}"
EndProject
Global
	GlobalSection(SolutionConfigurationPlatforms) = preSolution
		Debug|Any CPU = Debug|Any CPU
		Release|Any CPU = Release|Any CPU
	EndGlobalSection
	GlobalSection(ProjectConfigurationPlatforms) = postSolution
		{8CBA5F26-6EC1-4473-92F0-A8A3D259C9BE}.Debug|Any CPU.ActiveCfg = Debug|Any CPU
		{8CBA5F26-6EC1-4473-92F0-A8A3D259C9BE}.Debug|Any CPU.Build.0 = Debug|Any CPU
		{8CBA5F26-6EC1-4473-92F0-A8A3D259C9BE}.Release|Any CPU.ActiveCfg = Release|Any CPU
		{8CBA5F26-6EC1-4473-92F0-A8A3D259C9BE}.Release|Any CPU.Build.0 = Release|Any CPU
	EndGlobalSection
	GlobalSection(SolutionProperties) = preSolution
		HideSolutionNode = FALSE
	EndGlobalSection
	GlobalSection(ExtensibilityGlobals) = postSolution
		SolutionGuid = {A2FE9EA6-1D8E-4B20-B4BE-D1662026D513}
	EndGlobalSection
EndGlobal
